
Microsoft Visual Studio Solution File, Format Version 12.00
# Visual Studio 14
VisualStudioVersion = 14.0.25420.1
MinimumVisualStudioVersion = 10.0.40219.1
Project("{FAE04EC0-301F-11D3-BF4B-00C04F79EFBC}") = "DddInPractice.Logic", "DddInPractice.Logic\DddInPractice.Logic.csproj", "{AB9D5897-8A46-4F53-8435-31546A3BB147}"
EndProject
Project("{FAE04EC0-301F-11D3-BF4B-00C04F79EFBC}") = "DddInPractice.Tests", "DddInPractice.Tests\DddInPractice.Tests.csproj", "{B3DF5383-8E19-4274-AD23-7E14EDDC239C}"
EndProject
Project("{FAE04EC0-301F-11D3-BF4B-00C04F79EFBC}") = "DddInPractice.UI", "DddInPractice.UI\DddInPractice.UI.csproj", "{C976072E-744B-4C34-AF19-BCB0F9CF9FBB}"
EndProject
Global
	GlobalSection(SolutionConfigurationPlatforms) = preSolution
		Debug|Any CPU = Debug|Any CPU
		Release|Any CPU = Release|Any CPU
	EndGlobalSection
	GlobalSection(ProjectConfigurationPlatforms) = postSolution
		{AB9D5897-8A46-4F53-8435-31546A3BB147}.Debug|Any CPU.ActiveCfg = Debug|Any CPU
		{AB9D5897-8A46-4F53-8435-31546A3BB147}.Debug|Any CPU.Build.0 = Debug|Any CPU
		{AB9D5897-8A46-4F53-8435-31546A3BB147}.Release|Any CPU.ActiveCfg = Release|Any CPU
		{AB9D5897-8A46-4F53-8435-31546A3BB147}.Release|Any CPU.Build.0 = Release|Any CPU
		{B3DF5383-8E19-4274-AD23-7E14EDDC239C}.Debug|Any CPU.ActiveCfg = Debug|Any CPU
		{B3DF5383-8E19-4274-AD23-7E14EDDC239C}.Debug|Any CPU.Build.0 = Debug|Any CPU
		{B3DF5383-8E19-4274-AD23-7E14EDDC239C}.Release|Any CPU.ActiveCfg = Release|Any CPU
		{B3DF5383-8E19-4274-AD23-7E14EDDC239C}.Release|Any CPU.Build.0 = Release|Any CPU
		{C976072E-744B-4C34-AF19-BCB0F9CF9FBB}.Debug|Any CPU.ActiveCfg = Debug|Any CPU
		{C976072E-744B-4C34-AF19-BCB0F9CF9FBB}.Debug|Any CPU.Build.0 = Debug|Any CPU
		{C976072E-744B-4C34-AF19-BCB0F9CF9FBB}.Release|Any CPU.ActiveCfg = Release|Any CPU
		{C976072E-744B-4C34-AF19-BCB0F9CF9FBB}.Release|Any CPU.Build.0 = Release|Any CPU
	EndGlobalSection
	GlobalSection(SolutionProperties) = preSolution
		HideSolutionNode = FALSE
	EndGlobalSection
	GlobalSection(ExtensibilityGlobals) = postSolution
		SolutionGuid = {099F6127-F20D-417A-8A02-3ED9355773CA}
	EndGlobalSection
EndGlobal
